
Microsoft Visual Studio Solution File, Format Version 12.00
# Visual Studio Version 17
VisualStudioVersion = 17.9.34607.119
MinimumVisualStudioVersion = 10.0.40219.1
Project("{FAE04EC0-301F-11D3-BF4B-00C04F79EFBC}") = "CG_3", "CG_3.csproj", "{AFFBD783-16A6-4F4C-B623-4B19A48B61C0}"
EndProject
Project("{2150E333-8FDC-42A3-9474-1A3956D46DE8}") = "Элементы решения", "Элементы решения", "{D57F1B69-3E30-4A14-9D73-A65799268CE6}"
	ProjectSection(SolutionItems) = preProject
		raytracing.frag.txt = raytracing.frag.txt
		raytracing.vert.txt = raytracing.vert.txt
	EndProjectSection
EndProject
Global
	GlobalSection(SolutionConfigurationPlatforms) = preSolution
		Debug|Any CPU = Debug|Any CPU
		Release|Any CPU = Release|Any CPU
	EndGlobalSection
	GlobalSection(ProjectConfigurationPlatforms) = postSolution
		{AFFBD783-16A6-4F4C-B623-4B19A48B61C0}.Debug|Any CPU.ActiveCfg = Debug|Any CPU
		{AFFBD783-16A6-4F4C-B623-4B19A48B61C0}.Debug|Any CPU.Build.0 = Debug|Any CPU
		{AFFBD783-16A6-4F4C-B623-4B19A48B61C0}.Release|Any CPU.ActiveCfg = Release|Any CPU
		{AFFBD783-16A6-4F4C-B623-4B19A48B61C0}.Release|Any CPU.Build.0 = Release|Any CPU
	EndGlobalSection
	GlobalSection(SolutionProperties) = preSolution
		HideSolutionNode = FALSE
	EndGlobalSection
	GlobalSection(ExtensibilityGlobals) = postSolution
		SolutionGuid = {617B6A71-0BD3-4829-A12B-8EA23FE2C5D2}
	EndGlobalSection
EndGlobal
